github.com/mattn/go-sqlite3 v1.10.0 h1:jbhqpg7tQe4SupckyijYiy0mJJ/pRyHvXf7JdWK860o=
github.com/mattn/go-sqlite3 v1.10.0/go.mod h1:FPy6KqzDD04eiIsT53CuJW3U88zkxoIYsOqkbpncsNc=
github.com/yasukotelin/go-openurl v0.0.0-20190405095145-7bc8a30017d4 h1:Go19f5NCiDbKz5edUw48cXSnLwxHZgX5CSeGc3qoYK4=
github.com/yasukotelin/go-openurl v0.0.0-20190405095145-7bc8a30017d4/go.mod h1:xBiIAvkKp7wld/tB7SnaHSERRK6GLKiOjGPqv/OGWPs=
